
Microsoft Visual Studio Solution File, Format Version 12.00
Project("{FAE04EC0-301F-11D3-BF4B-00C04F79EFBC}") = "BasicFunctions", "BasicFunctions\BasicFunctions.csproj", "{79B90897-3AAD-4784-8A1C-243D127CE2AA}"
EndProject
Project("{FAE04EC0-301F-11D3-BF4B-00C04F79EFBC}") = "PublicInfo", "PublicInfo\PublicInfo.csproj", "{7331CFD9-5E52-474D-B851-80FB37B58B12}"
EndProject
Project("{FAE04EC0-301F-11D3-BF4B-00C04F79EFBC}") = "DiscordBot", "DiscordBot\DiscordBot.csproj", "{97500B8A-322F-467C-8610-9856FC332BB9}"
EndProject
Project("{FAE04EC0-301F-11D3-BF4B-00C04F79EFBC}") = "DatabaseManagement", "DatabaseManagement\DatabaseManagement.csproj", "{4508BF40-C385-41D1-945D-15D92312E343}"
EndProject
Project("{FAE04EC0-301F-11D3-BF4B-00C04F79EFBC}") = "Entities", "Entities\Entities.csproj", "{5D4C46E1-CFB3-428E-A9F5-B7BC2F51200D}"
EndProject
Project("{FAE04EC0-301F-11D3-BF4B-00C04F79EFBC}") = "WebsiteApi", "WebsiteApi\WebsiteApi.csproj", "{36994237-6DDF-42EE-95BF-07BC20D2AD76}"
EndProject
Project("{FAE04EC0-301F-11D3-BF4B-00C04F79EFBC}") = "WebFunctions", "WebFunctions\WebFunctions.csproj", "{8DD9B7C6-733B-4D08-A2EB-70091C6F34F0}"
EndProject
Project("{FAE04EC0-301F-11D3-BF4B-00C04F79EFBC}") = "PrivateInfo", "PrivateInfo\PrivateInfo.csproj", "{62FE7A20-99CA-4397-9349-C78944E46847}"
EndProject
Project("{FAE04EC0-301F-11D3-BF4B-00C04F79EFBC}") = "Website", "Website\Website.csproj", "{5E131E3B-39A0-439E-A9A7-1C2094222459}"
EndProject
Global
	GlobalSection(SolutionConfigurationPlatforms) = preSolution
		Debug|Any CPU = Debug|Any CPU
		Release|Any CPU = Release|Any CPU
	EndGlobalSection
	GlobalSection(ProjectConfigurationPlatforms) = postSolution
		{79B90897-3AAD-4784-8A1C-243D127CE2AA}.Debug|Any CPU.ActiveCfg = Debug|Any CPU
		{79B90897-3AAD-4784-8A1C-243D127CE2AA}.Debug|Any CPU.Build.0 = Debug|Any CPU
		{79B90897-3AAD-4784-8A1C-243D127CE2AA}.Release|Any CPU.ActiveCfg = Release|Any CPU
		{79B90897-3AAD-4784-8A1C-243D127CE2AA}.Release|Any CPU.Build.0 = Release|Any CPU
		{7331CFD9-5E52-474D-B851-80FB37B58B12}.Debug|Any CPU.ActiveCfg = Debug|Any CPU
		{7331CFD9-5E52-474D-B851-80FB37B58B12}.Debug|Any CPU.Build.0 = Debug|Any CPU
		{7331CFD9-5E52-474D-B851-80FB37B58B12}.Release|Any CPU.ActiveCfg = Release|Any CPU
		{7331CFD9-5E52-474D-B851-80FB37B58B12}.Release|Any CPU.Build.0 = Release|Any CPU
		{97500B8A-322F-467C-8610-9856FC332BB9}.Debug|Any CPU.ActiveCfg = Debug|Any CPU
		{97500B8A-322F-467C-8610-9856FC332BB9}.Debug|Any CPU.Build.0 = Debug|Any CPU
		{97500B8A-322F-467C-8610-9856FC332BB9}.Release|Any CPU.ActiveCfg = Release|Any CPU
		{97500B8A-322F-467C-8610-9856FC332BB9}.Release|Any CPU.Build.0 = Release|Any CPU
		{4508BF40-C385-41D1-945D-15D92312E343}.Debug|Any CPU.ActiveCfg = Debug|Any CPU
		{4508BF40-C385-41D1-945D-15D92312E343}.Debug|Any CPU.Build.0 = Debug|Any CPU
		{4508BF40-C385-41D1-945D-15D92312E343}.Release|Any CPU.ActiveCfg = Release|Any CPU
		{4508BF40-C385-41D1-945D-15D92312E343}.Release|Any CPU.Build.0 = Release|Any CPU
		{5D4C46E1-CFB3-428E-A9F5-B7BC2F51200D}.Debug|Any CPU.ActiveCfg = Debug|Any CPU
		{5D4C46E1-CFB3-428E-A9F5-B7BC2F51200D}.Debug|Any CPU.Build.0 = Debug|Any CPU
		{5D4C46E1-CFB3-428E-A9F5-B7BC2F51200D}.Release|Any CPU.ActiveCfg = Release|Any CPU
		{5D4C46E1-CFB3-428E-A9F5-B7BC2F51200D}.Release|Any CPU.Build.0 = Release|Any CPU
		{36994237-6DDF-42EE-95BF-07BC20D2AD76}.Debug|Any CPU.ActiveCfg = Debug|Any CPU
		{36994237-6DDF-42EE-95BF-07BC20D2AD76}.Debug|Any CPU.Build.0 = Debug|Any CPU
		{36994237-6DDF-42EE-95BF-07BC20D2AD76}.Release|Any CPU.ActiveCfg = Release|Any CPU
		{36994237-6DDF-42EE-95BF-07BC20D2AD76}.Release|Any CPU.Build.0 = Release|Any CPU
		{8DD9B7C6-733B-4D08-A2EB-70091C6F34F0}.Debug|Any CPU.ActiveCfg = Debug|Any CPU
		{8DD9B7C6-733B-4D08-A2EB-70091C6F34F0}.Debug|Any CPU.Build.0 = Debug|Any CPU
		{8DD9B7C6-733B-4D08-A2EB-70091C6F34F0}.Release|Any CPU.ActiveCfg = Release|Any CPU
		{8DD9B7C6-733B-4D08-A2EB-70091C6F34F0}.Release|Any CPU.Build.0 = Release|Any CPU
		{62FE7A20-99CA-4397-9349-C78944E46847}.Debug|Any CPU.ActiveCfg = Debug|Any CPU
		{62FE7A20-99CA-4397-9349-C78944E46847}.Debug|Any CPU.Build.0 = Debug|Any CPU
		{62FE7A20-99CA-4397-9349-C78944E46847}.Release|Any CPU.ActiveCfg = Release|Any CPU
		{62FE7A20-99CA-4397-9349-C78944E46847}.Release|Any CPU.Build.0 = Release|Any CPU
		{5E131E3B-39A0-439E-A9A7-1C2094222459}.Debug|Any CPU.ActiveCfg = Debug|Any CPU
		{5E131E3B-39A0-439E-A9A7-1C2094222459}.Debug|Any CPU.Build.0 = Debug|Any CPU
		{5E131E3B-39A0-439E-A9A7-1C2094222459}.Release|Any CPU.ActiveCfg = Release|Any CPU
		{5E131E3B-39A0-439E-A9A7-1C2094222459}.Release|Any CPU.Build.0 = Release|Any CPU
	EndGlobalSection
EndGlobal
